
Microsoft Visual Studio Solution File, Format Version 12.00
# Visual Studio 15
VisualStudioVersion = 15.0.27703.2000
MinimumVisualStudioVersion = 10.0.40219.1
Project("{FAE04EC0-301F-11D3-BF4B-00C04F79EFBC}") = "CatStore", "CatStore\CatStore.csproj", "{154E4A22-4AA0-4887-B421-41CB10653722}"
EndProject
Global
	GlobalSection(SolutionConfigurationPlatforms) = preSolution
		Debug|Any CPU = Debug|Any CPU
		Release|Any CPU = Release|Any CPU
	EndGlobalSection
	GlobalSection(ProjectConfigurationPlatforms) = postSolution
		{154E4A22-4AA0-4887-B421-41CB10653722}.Debug|Any CPU.ActiveCfg = Debug|Any CPU
		{154E4A22-4AA0-4887-B421-41CB10653722}.Debug|Any CPU.Build.0 = Debug|Any CPU
		{154E4A22-4AA0-4887-B421-41CB10653722}.Release|Any CPU.ActiveCfg = Release|Any CPU
		{154E4A22-4AA0-4887-B421-41CB10653722}.Release|Any CPU.Build.0 = Release|Any CPU
	EndGlobalSection
	GlobalSection(SolutionProperties) = preSolution
		HideSolutionNode = FALSE
	EndGlobalSection
	GlobalSection(ExtensibilityGlobals) = postSolution
		SolutionGuid = {B8C17E83-4AB6-498E-9ECE-15C62C4F8AA9}
	EndGlobalSection
EndGlobal
